// !$*UTF8*$!
{
	archiveVersion = 1;
	classes = {
	};
	objectVersion = 51;
	objects = {

/* Begin PBXBuildFile section */
		21B5F57E45127B0F20388C43 /* Pods_DaoSample.framework in Frameworks */ = {isa = PBXBuildFile; fileRef = 60466B6F93785E712A12BBF9 /* Pods_DaoSample.framework */; };
		286F569E25D2302D0004A46C /* CollectionViewFlowLayout.swift in Sources */ = {isa = PBXBuildFile; fileRef = 286F569D25D2302D0004A46C /* CollectionViewFlowLayout.swift */; };
		286F56A625D251BD0004A46C /* SupplementaryView.swift in Sources */ = {isa = PBXBuildFile; fileRef = 286F56A425D251BD0004A46C /* SupplementaryView.swift */; };
		286F56AF25D25C130004A46C /* CollectionView_Extension.swift in Sources */ = {isa = PBXBuildFile; fileRef = 286F56AE25D25C130004A46C /* CollectionView_Extension.swift */; };
		286FF9E225EC772800AC482A /* CollectionViewLayout.swift in Sources */ = {isa = PBXBuildFile; fileRef = 286FF9E125EC772800AC482A /* CollectionViewLayout.swift */; };
		286FF9E725F50ED800AC482A /* LayoutAttributes.swift in Sources */ = {isa = PBXBuildFile; fileRef = 286FF9E625F50ED800AC482A /* LayoutAttributes.swift */; };
		2885E90925CCD41B004DCCC0 /* THeaderView.swift in Sources */ = {isa = PBXBuildFile; fileRef = 2885E90825CCD41B004DCCC0 /* THeaderView.swift */; };
		2885E91F25CE840E004DCCC0 /* CollectionViewController.swift in Sources */ = {isa = PBXBuildFile; fileRef = 2885E91D25CE840E004DCCC0 /* CollectionViewController.swift */; };
		2885E92025CE840E004DCCC0 /* CollectionViewController.xib in Resources */ = {isa = PBXBuildFile; fileRef = 2885E91E25CE840E004DCCC0 /* CollectionViewController.xib */; };
		2885E92725CED7FA004DCCC0 /* CollectionViewCell.swift in Sources */ = {isa = PBXBuildFile; fileRef = 2885E92525CED7FA004DCCC0 /* CollectionViewCell.swift */; };
		2885E92825CED7FA004DCCC0 /* CollectionViewCell.xib in Resources */ = {isa = PBXBuildFile; fileRef = 2885E92625CED7FA004DCCC0 /* CollectionViewCell.xib */; };
		28A205CF25A70FCA00AF9BFA /* UINavigationController_Extension.swift in Sources */ = {isa = PBXBuildFile; fileRef = 28A205CE25A70FCA00AF9BFA /* UINavigationController_Extension.swift */; };
		28A205D425A71BE400AF9BFA /* UIViewController_Extension.swift in Sources */ = {isa = PBXBuildFile; fileRef = 28A205D325A71BE400AF9BFA /* UIViewController_Extension.swift */; };
		28B6044125B56DC3009653AF /* WKWebviewConfiguration_Extension.swift in Sources */ = {isa = PBXBuildFile; fileRef = 28B6044025B56DC3009653AF /* WKWebviewConfiguration_Extension.swift */; };
		28B6044725B57216009653AF /* TableViewController.swift in Sources */ = {isa = PBXBuildFile; fileRef = 28B6044525B57216009653AF /* TableViewController.swift */; };
		28B6044825B57216009653AF /* TableViewController.xib in Resources */ = {isa = PBXBuildFile; fileRef = 28B6044625B57216009653AF /* TableViewController.xib */; };
		28B8DA5625C8E37E0085A4A4 /* ResultsTableController.swift in Sources */ = {isa = PBXBuildFile; fileRef = 28B8DA5425C8E37E0085A4A4 /* ResultsTableController.swift */; };
		28B8DA5725C8E37E0085A4A4 /* ResultsTableController.xib in Resources */ = {isa = PBXBuildFile; fileRef = 28B8DA5525C8E37E0085A4A4 /* ResultsTableController.xib */; };
		28B8DA5D25C8FC120085A4A4 /* BiologyModel.xcdatamodeld in Sources */ = {isa = PBXBuildFile; fileRef = 28B8DA5B25C8FC120085A4A4 /* BiologyModel.xcdatamodeld */; };
		28B8DA6325CA34E70085A4A4 /* CoreData.swift in Sources */ = {isa = PBXBuildFile; fileRef = 28B8DA6225CA34E70085A4A4 /* CoreData.swift */; };
		28B8DA6825CA36D90085A4A4 /* PersistentContainer.swift in Sources */ = {isa = PBXBuildFile; fileRef = 28B8DA6725CA36D90085A4A4 /* PersistentContainer.swift */; };
		28B8DA8025CA44180085A4A4 /* CoreStorer.swift in Sources */ = {isa = PBXBuildFile; fileRef = 28B8DA7F25CA44180085A4A4 /* CoreStorer.swift */; };
		75427B3625382C5D0025EBD4 /* AppDelegate.swift in Sources */ = {isa = PBXBuildFile; fileRef = 75427B3525382C5D0025EBD4 /* AppDelegate.swift */; };
		75427B3825382C5D0025EBD4 /* SceneDelegate.swift in Sources */ = {isa = PBXBuildFile; fileRef = 75427B3725382C5D0025EBD4 /* SceneDelegate.swift */; };
		75427B3D25382C5D0025EBD4 /* Main.storyboard in Resources */ = {isa = PBXBuildFile; fileRef = 75427B3B25382C5D0025EBD4 /* Main.storyboard */; };
		75427B3F25382C630025EBD4 /* Assets.xcassets in Resources */ = {isa = PBXBuildFile; fileRef = 75427B3E25382C630025EBD4 /* Assets.xcassets */; };
		75427B4225382C630025EBD4 /* LaunchScreen.storyboard in Resources */ = {isa = PBXBuildFile; fileRef = 75427B4025382C630025EBD4 /* LaunchScreen.storyboard */; };
		75427B4D25382C640025EBD4 /* DaoSampleTests.swift in Sources */ = {isa = PBXBuildFile; fileRef = 75427B4C25382C640025EBD4 /* DaoSampleTests.swift */; };
		75427B5825382C640025EBD4 /* DaoSampleUITests.swift in Sources */ = {isa = PBXBuildFile; fileRef = 75427B5725382C640025EBD4 /* DaoSampleUITests.swift */; };
		75F3AD472568BDCD0000BDBE /* UITextField_Extension.swift in Sources */ = {isa = PBXBuildFile; fileRef = 75F3AD462568BDCD0000BDBE /* UITextField_Extension.swift */; };
		75F3AD522569201C0000BDBE /* WKWebView_Extension.swift in Sources */ = {isa = PBXBuildFile; fileRef = 75F3AD512569201C0000BDBE /* WKWebView_Extension.swift */; };
		75F3AD57256924960000BDBE /* BaseWebView.swift in Sources */ = {isa = PBXBuildFile; fileRef = 75F3AD56256924960000BDBE /* BaseWebView.swift */; };
		75FB6FCB255FFACA008002DF /* ViewController.swift in Sources */ = {isa = PBXBuildFile; fileRef = 75FB6FC9255FFACA008002DF /* ViewController.swift */; };
		75FB6FCC255FFACA008002DF /* ViewController.xib in Resources */ = {isa = PBXBuildFile; fileRef = 75FB6FCA255FFACA008002DF /* ViewController.xib */; };
		75FB6FD8255FFF56008002DF /* BaseView.swift in Sources */ = {isa = PBXBuildFile; fileRef = 75FB6FD7255FFF56008002DF /* BaseView.swift */; };
		75FB6FDE2560010C008002DF /* UIView_Extension.swift in Sources */ = {isa = PBXBuildFile; fileRef = 75FB6FDD2560010C008002DF /* UIView_Extension.swift */; };
		75FB6FE725600996008002DF /* BaseNavigationController.swift in Sources */ = {isa = PBXBuildFile; fileRef = 75FB6FE625600996008002DF /* BaseNavigationController.swift */; };
		75FB6FEC256009B3008002DF /* BaseViewController.swift in Sources */ = {isa = PBXBuildFile; fileRef = 75FB6FEB256009B3008002DF /* BaseViewController.swift */; };
		75FB6FF725601953008002DF /* UIApplication_Extension.swift in Sources */ = {isa = PBXBuildFile; fileRef = 75FB6FF625601953008002DF /* UIApplication_Extension.swift */; };
		75FB6FFC25601B32008002DF /* String_Extension.swift in Sources */ = {isa = PBXBuildFile; fileRef = 75FB6FFB25601B32008002DF /* String_Extension.swift */; };
		9A8145A6D7DEC08A4B638EFF /* Pods_DaoSample_DaoSampleUITests.framework in Frameworks */ = {isa = PBXBuildFile; fileRef = 65AC68674D943DF127A7AFCC /* Pods_DaoSample_DaoSampleUITests.framework */; };
		B942BDAD8A8009AD3AC771E3 /* Pods_DaoSampleTests.framework in Frameworks */ = {isa = PBXBuildFile; fileRef = 405F9D4755E7E3ADE5677BC1 /* Pods_DaoSampleTests.framework */; };
		E905D161265CE4BA00D3E98D /* CusCollectionLayout.swift in Sources */ = {isa = PBXBuildFile; fileRef = E905D160265CE4BA00D3E98D /* CusCollectionLayout.swift */; };
		E905D163265CE9A200D3E98D /* TestCollectionViewLayout.swift in Sources */ = {isa = PBXBuildFile; fileRef = E905D162265CE9A200D3E98D /* TestCollectionViewLayout.swift */; };
		E95A98E3265749C100E37691 /* TiltedLayout.swift in Sources */ = {isa = PBXBuildFile; fileRef = E95A98E2265749C100E37691 /* TiltedLayout.swift */; };
		E95A98E52657514500E37691 /* CusLayoutAttributes.swift in Sources */ = {isa = PBXBuildFile; fileRef = E95A98E42657514500E37691 /* CusLayoutAttributes.swift */; };
		E95A98E726575DD900E37691 /* LayoutTransform.swift in Sources */ = {isa = PBXBuildFile; fileRef = E95A98E626575DD900E37691 /* LayoutTransform.swift */; };
		E95A98E926575FCA00E37691 /* CustomCollectionView.swift in Sources */ = {isa = PBXBuildFile; fileRef = E95A98E826575FCA00E37691 /* CustomCollectionView.swift */; };
		E9C97242264E0E4600E0373A /* BaseTableView.swift in Sources */ = {isa = PBXBuildFile; fileRef = E9C97241264E0E4600E0373A /* BaseTableView.swift */; };
		E9C9724C264E208300E0373A /* PanModalController.swift in Sources */ = {isa = PBXBuildFile; fileRef = E9C9724A264E208300E0373A /* PanModalController.swift */; };
		E9C9724D264E208300E0373A /* PanModalController.xib in Resources */ = {isa = PBXBuildFile; fileRef = E9C9724B264E208300E0373A /* PanModalController.xib */; };
		E9C9725426534D5B00E0373A /* XCGLoggerController.swift in Sources */ = {isa = PBXBuildFile; fileRef = E9C9725226534D5B00E0373A /* XCGLoggerController.swift */; };
		E9C9725526534D5B00E0373A /* XCGLoggerController.xib in Resources */ = {isa = PBXBuildFile; fileRef = E9C9725326534D5B00E0373A /* XCGLoggerController.xib */; };
/* End PBXBuildFile section */

/* Begin PBXContainerItemProxy section */
		75427B4925382C640025EBD4 /* PBXContainerItemProxy */ = {
			isa = PBXContainerItemProxy;
			containerPortal = 75427B2A25382C5D0025EBD4 /* Project object */;
			proxyType = 1;
			remoteGlobalIDString = 75427B3125382C5D0025EBD4;
			remoteInfo = DaoSample;
		};
		75427B5425382C640025EBD4 /* PBXContainerItemProxy */ = {
			isa = PBXContainerItemProxy;
			containerPortal = 75427B2A25382C5D0025EBD4 /* Project object */;
			proxyType = 1;
			remoteGlobalIDString = 75427B3125382C5D0025EBD4;
			remoteInfo = DaoSample;
		};
/* End PBXContainerItemProxy section */

/* Begin PBXFileReference section */
		110BD34618E9A14C49BC850E /* Pods-DaoSample.release.xcconfig */ = {isa = PBXFileReference; includeInIndex = 1; lastKnownFileType = text.xcconfig; name = "Pods-DaoSample.release.xcconfig"; path = "Target Support Files/Pods-DaoSample/Pods-DaoSample.release.xcconfig"; sourceTree = "<group>"; };
		286F569D25D2302D0004A46C /* CollectionViewFlowLayout.swift */ = {isa = PBXFileReference; lastKnownFileType = sourcecode.swift; path = CollectionViewFlowLayout.swift; sourceTree = "<group>"; };
		286F56A425D251BD0004A46C /* SupplementaryView.swift */ = {isa = PBXFileReference; lastKnownFileType = sourcecode.swift; path = SupplementaryView.swift; sourceTree = "<group>"; };
		286F56AE25D25C130004A46C /* CollectionView_Extension.swift */ = {isa = PBXFileReference; lastKnownFileType = sourcecode.swift; path = CollectionView_Extension.swift; sourceTree = "<group>"; };
		286FF9E125EC772800AC482A /* CollectionViewLayout.swift */ = {isa = PBXFileReference; lastKnownFileType = sourcecode.swift; path = CollectionViewLayout.swift; sourceTree = "<group>"; };
		286FF9E625F50ED800AC482A /* LayoutAttributes.swift */ = {isa = PBXFileReference; lastKnownFileType = sourcecode.swift; path = LayoutAttributes.swift; sourceTree = "<group>"; };
		2885E90825CCD41B004DCCC0 /* THeaderView.swift */ = {isa = PBXFileReference; lastKnownFileType = sourcecode.swift; path = THeaderView.swift; sourceTree = "<group>"; };
		2885E91D25CE840E004DCCC0 /* CollectionViewController.swift */ = {isa = PBXFileReference; lastKnownFileType = sourcecode.swift; path = CollectionViewController.swift; sourceTree = "<group>"; };
		2885E91E25CE840E004DCCC0 /* CollectionViewController.xib */ = {isa = PBXFileReference; lastKnownFileType = file.xib; path = CollectionViewController.xib; sourceTree = "<group>"; };
		2885E92525CED7FA004DCCC0 /* CollectionViewCell.swift */ = {isa = PBXFileReference; lastKnownFileType = sourcecode.swift; path = CollectionViewCell.swift; sourceTree = "<group>"; };
		2885E92625CED7FA004DCCC0 /* CollectionViewCell.xib */ = {isa = PBXFileReference; lastKnownFileType = file.xib; path = CollectionViewCell.xib; sourceTree = "<group>"; };
		28A205CE25A70FCA00AF9BFA /* UINavigationController_Extension.swift */ = {isa = PBXFileReference; lastKnownFileType = sourcecode.swift; path = UINavigationController_Extension.swift; sourceTree = "<group>"; };
		28A205D325A71BE400AF9BFA /* UIViewController_Extension.swift */ = {isa = PBXFileReference; lastKnownFileType = sourcecode.swift; path = UIViewController_Extension.swift; sourceTree = "<group>"; };
		28B6044025B56DC3009653AF /* WKWebviewConfiguration_Extension.swift */ = {isa = PBXFileReference; lastKnownFileType = sourcecode.swift; path = WKWebviewConfiguration_Extension.swift; sourceTree = "<group>"; };
		28B6044525B57216009653AF /* TableViewController.swift */ = {isa = PBXFileReference; lastKnownFileType = sourcecode.swift; path = TableViewController.swift; sourceTree = "<group>"; };
		28B6044625B57216009653AF /* TableViewController.xib */ = {isa = PBXFileReference; lastKnownFileType = file.xib; path = TableViewController.xib; sourceTree = "<group>"; };
		28B8DA5425C8E37E0085A4A4 /* ResultsTableController.swift */ = {isa = PBXFileReference; lastKnownFileType = sourcecode.swift; path = ResultsTableController.swift; sourceTree = "<group>"; };
		28B8DA5525C8E37E0085A4A4 /* ResultsTableController.xib */ = {isa = PBXFileReference; lastKnownFileType = file.xib; path = ResultsTableController.xib; sourceTree = "<group>"; };
		28B8DA5C25C8FC120085A4A4 /* BiologyModel.xcdatamodel */ = {isa = PBXFileReference; lastKnownFileType = wrapper.xcdatamodel; path = BiologyModel.xcdatamodel; sourceTree = "<group>"; };
		28B8DA6225CA34E70085A4A4 /* CoreData.swift */ = {isa = PBXFileReference; lastKnownFileType = sourcecode.swift; path = CoreData.swift; sourceTree = "<group>"; };
		28B8DA6725CA36D90085A4A4 /* PersistentContainer.swift */ = {isa = PBXFileReference; lastKnownFileType = sourcecode.swift; path = PersistentContainer.swift; sourceTree = "<group>"; };
		28B8DA7F25CA44180085A4A4 /* CoreStorer.swift */ = {isa = PBXFileReference; lastKnownFileType = sourcecode.swift; path = CoreStorer.swift; sourceTree = "<group>"; };
		2CC62AE82F227AE18E48DD15 /* Pods-DaoSampleTests.debug.xcconfig */ = {isa = PBXFileReference; includeInIndex = 1; lastKnownFileType = text.xcconfig; name = "Pods-DaoSampleTests.debug.xcconfig"; path = "Target Support Files/Pods-DaoSampleTests/Pods-DaoSampleTests.debug.xcconfig"; sourceTree = "<group>"; };
		405F9D4755E7E3ADE5677BC1 /* Pods_DaoSampleTests.framework */ = {isa = PBXFileReference; explicitFileType = wrapper.framework; includeInIndex = 0; path = Pods_DaoSampleTests.framework; sourceTree = BUILT_PRODUCTS_DIR; };
		4A269B535EADAE6637379EFF /* Pods-DaoSample-DaoSampleUITests.release.xcconfig */ = {isa = PBXFileReference; includeInIndex = 1; lastKnownFileType = text.xcconfig; name = "Pods-DaoSample-DaoSampleUITests.release.xcconfig"; path = "Target Support Files/Pods-DaoSample-DaoSampleUITests/Pods-DaoSample-DaoSampleUITests.release.xcconfig"; sourceTree = "<group>"; };
		60466B6F93785E712A12BBF9 /* Pods_DaoSample.framework */ = {isa = PBXFileReference; explicitFileType = wrapper.framework; includeInIndex = 0; path = Pods_DaoSample.framework; sourceTree = BUILT_PRODUCTS_DIR; };
		65AC68674D943DF127A7AFCC /* Pods_DaoSample_DaoSampleUITests.framework */ = {isa = PBXFileReference; explicitFileType = wrapper.framework; includeInIndex = 0; path = Pods_DaoSample_DaoSampleUITests.framework; sourceTree = BUILT_PRODUCTS_DIR; };
		75427B3225382C5D0025EBD4 /* DaoSample.app */ = {isa = PBXFileReference; explicitFileType = wrapper.application; includeInIndex = 0; path = DaoSample.app; sourceTree = BUILT_PRODUCTS_DIR; };
		75427B3525382C5D0025EBD4 /* AppDelegate.swift */ = {isa = PBXFileReference; lastKnownFileType = sourcecode.swift; path = AppDelegate.swift; sourceTree = "<group>"; };
		75427B3725382C5D0025EBD4 /* SceneDelegate.swift */ = {isa = PBXFileReference; lastKnownFileType = sourcecode.swift; path = SceneDelegate.swift; sourceTree = "<group>"; };
		75427B3C25382C5D0025EBD4 /* Base */ = {isa = PBXFileReference; lastKnownFileType = file.storyboard; name = Base; path = Base.lproj/Main.storyboard; sourceTree = "<group>"; };
		75427B3E25382C630025EBD4 /* Assets.xcassets */ = {isa = PBXFileReference; lastKnownFileType = folder.assetcatalog; path = Assets.xcassets; sourceTree = "<group>"; };
		75427B4125382C630025EBD4 /* Base */ = {isa = PBXFileReference; lastKnownFileType = file.storyboard; name = Base; path = Base.lproj/LaunchScreen.storyboard; sourceTree = "<group>"; };
		75427B4325382C640025EBD4 /* Info.plist */ = {isa = PBXFileReference; lastKnownFileType = text.plist.xml; path = Info.plist; sourceTree = "<group>"; };
		75427B4825382C640025EBD4 /* DaoSampleTests.xctest */ = {isa = PBXFileReference; explicitFileType = wrapper.cfbundle; includeInIndex = 0; path = DaoSampleTests.xctest; sourceTree = BUILT_PRODUCTS_DIR; };
		75427B4C25382C640025EBD4 /* DaoSampleTests.swift */ = {isa = PBXFileReference; lastKnownFileType = sourcecode.swift; path = DaoSampleTests.swift; sourceTree = "<group>"; };
		75427B4E25382C640025EBD4 /* Info.plist */ = {isa = PBXFileReference; lastKnownFileType = text.plist.xml; path = Info.plist; sourceTree = "<group>"; };
		75427B5325382C640025EBD4 /* DaoSampleUITests.xctest */ = {isa = PBXFileReference; explicitFileType = wrapper.cfbundle; includeInIndex = 0; path = DaoSampleUITests.xctest; sourceTree = BUILT_PRODUCTS_DIR; };
		75427B5725382C640025EBD4 /* DaoSampleUITests.swift */ = {isa = PBXFileReference; lastKnownFileType = sourcecode.swift; path = DaoSampleUITests.swift; sourceTree = "<group>"; };
		75427B5925382C640025EBD4 /* Info.plist */ = {isa = PBXFileReference; lastKnownFileType = text.plist.xml; path = Info.plist; sourceTree = "<group>"; };
		75F3AD462568BDCD0000BDBE /* UITextField_Extension.swift */ = {isa = PBXFileReference; lastKnownFileType = sourcecode.swift; path = UITextField_Extension.swift; sourceTree = "<group>"; };
		75F3AD512569201C0000BDBE /* WKWebView_Extension.swift */ = {isa = PBXFileReference; lastKnownFileType = sourcecode.swift; path = WKWebView_Extension.swift; sourceTree = "<group>"; };
		75F3AD56256924960000BDBE /* BaseWebView.swift */ = {isa = PBXFileReference; lastKnownFileType = sourcecode.swift; path = BaseWebView.swift; sourceTree = "<group>"; };
		75FB6FC9255FFACA008002DF /* ViewController.swift */ = {isa = PBXFileReference; lastKnownFileType = sourcecode.swift; path = ViewController.swift; sourceTree = "<group>"; };
		75FB6FCA255FFACA008002DF /* ViewController.xib */ = {isa = PBXFileReference; lastKnownFileType = file.xib; path = ViewController.xib; sourceTree = "<group>"; };
		75FB6FD7255FFF56008002DF /* BaseView.swift */ = {isa = PBXFileReference; lastKnownFileType = sourcecode.swift; path = BaseView.swift; sourceTree = "<group>"; };
		75FB6FDD2560010C008002DF /* UIView_Extension.swift */ = {isa = PBXFileReference; lastKnownFileType = sourcecode.swift; path = UIView_Extension.swift; sourceTree = "<group>"; };
		75FB6FE625600996008002DF /* BaseNavigationController.swift */ = {isa = PBXFileReference; lastKnownFileType = sourcecode.swift; path = BaseNavigationController.swift; sourceTree = "<group>"; };
		75FB6FEB256009B3008002DF /* BaseViewController.swift */ = {isa = PBXFileReference; lastKnownFileType = sourcecode.swift; path = BaseViewController.swift; sourceTree = "<group>"; };
		75FB6FF625601953008002DF /* UIApplication_Extension.swift */ = {isa = PBXFileReference; lastKnownFileType = sourcecode.swift; path = UIApplication_Extension.swift; sourceTree = "<group>"; };
		75FB6FFB25601B32008002DF /* String_Extension.swift */ = {isa = PBXFileReference; lastKnownFileType = sourcecode.swift; path = String_Extension.swift; sourceTree = "<group>"; };
		D429A7CBA3CF0115437C5949 /* Pods-DaoSampleTests.release.xcconfig */ = {isa = PBXFileReference; includeInIndex = 1; lastKnownFileType = text.xcconfig; name = "Pods-DaoSampleTests.release.xcconfig"; path = "Target Support Files/Pods-DaoSampleTests/Pods-DaoSampleTests.release.xcconfig"; sourceTree = "<group>"; };
		E905D160265CE4BA00D3E98D /* CusCollectionLayout.swift */ = {isa = PBXFileReference; lastKnownFileType = sourcecode.swift; path = CusCollectionLayout.swift; sourceTree = "<group>"; };
		E905D162265CE9A200D3E98D /* TestCollectionViewLayout.swift */ = {isa = PBXFileReference; lastKnownFileType = sourcecode.swift; path = TestCollectionViewLayout.swift; sourceTree = "<group>"; };
		E92E8AB6667168178762F75A /* Pods-DaoSample-DaoSampleUITests.debug.xcconfig */ = {isa = PBXFileReference; includeInIndex = 1; lastKnownFileType = text.xcconfig; name = "Pods-DaoSample-DaoSampleUITests.debug.xcconfig"; path = "Target Support Files/Pods-DaoSample-DaoSampleUITests/Pods-DaoSample-DaoSampleUITests.debug.xcconfig"; sourceTree = "<group>"; };
		E95A98E2265749C100E37691 /* TiltedLayout.swift */ = {isa = PBXFileReference; lastKnownFileType = sourcecode.swift; path = TiltedLayout.swift; sourceTree = "<group>"; };
		E95A98E42657514500E37691 /* CusLayoutAttributes.swift */ = {isa = PBXFileReference; lastKnownFileType = sourcecode.swift; path = CusLayoutAttributes.swift; sourceTree = "<group>"; };
		E95A98E626575DD900E37691 /* LayoutTransform.swift */ = {isa = PBXFileReference; lastKnownFileType = sourcecode.swift; path = LayoutTransform.swift; sourceTree = "<group>"; };
		E95A98E826575FCA00E37691 /* CustomCollectionView.swift */ = {isa = PBXFileReference; lastKnownFileType = sourcecode.swift; path = CustomCollectionView.swift; sourceTree = "<group>"; };
		E9C97241264E0E4600E0373A /* BaseTableView.swift */ = {isa = PBXFileReference; lastKnownFileType = sourcecode.swift; path = BaseTableView.swift; sourceTree = "<group>"; };
		E9C9724A264E208300E0373A /* PanModalController.swift */ = {isa = PBXFileReference; lastKnownFileType = sourcecode.swift; path = PanModalController.swift; sourceTree = "<group>"; };
		E9C9724B264E208300E0373A /* PanModalController.xib */ = {isa = PBXFileReference; lastKnownFileType = file.xib; path = PanModalController.xib; sourceTree = "<group>"; };
		E9C9725226534D5B00E0373A /* XCGLoggerController.swift */ = {isa = PBXFileReference; lastKnownFileType = sourcecode.swift; path = XCGLoggerController.swift; sourceTree = "<group>"; };
		E9C9725326534D5B00E0373A /* XCGLoggerController.xib */ = {isa = PBXFileReference; lastKnownFileType = file.xib; path = XCGLoggerController.xib; sourceTree = "<group>"; };
		F0BE6A84349F1F956C39637F /* Pods-DaoSample.debug.xcconfig */ = {isa = PBXFileReference; includeInIndex = 1; lastKnownFileType = text.xcconfig; name = "Pods-DaoSample.debug.xcconfig"; path = "Target Support Files/Pods-DaoSample/Pods-DaoSample.debug.xcconfig"; sourceTree = "<group>"; };
/* End PBXFileReference section */

/* Begin PBXFrameworksBuildPhase section */
		75427B2F25382C5D0025EBD4 /* Frameworks */ = {
			isa = PBXFrameworksBuildPhase;
			buildActionMask = 2147483647;
			files = (
				21B5F57E45127B0F20388C43 /* Pods_DaoSample.framework in Frameworks */,
			);
			runOnlyForDeploymentPostprocessing = 0;
		};
		75427B4525382C640025EBD4 /* Frameworks */ = {
			isa = PBXFrameworksBuildPhase;
			buildActionMask = 2147483647;
			files = (
				B942BDAD8A8009AD3AC771E3 /* Pods_DaoSampleTests.framework in Frameworks */,
			);
			runOnlyForDeploymentPostprocessing = 0;
		};
		75427B5025382C640025EBD4 /* Frameworks */ = {
			isa = PBXFrameworksBuildPhase;
			buildActionMask = 2147483647;
			files = (
				9A8145A6D7DEC08A4B638EFF /* Pods_DaoSample_DaoSampleUITests.framework in Frameworks */,
			);
			runOnlyForDeploymentPostprocessing = 0;
		};
/* End PBXFrameworksBuildPhase section */

/* Begin PBXGroup section */
		144BB4F06A8B33B669CBF350 /* Pods */ = {
			isa = PBXGroup;
			children = (
				F0BE6A84349F1F956C39637F /* Pods-DaoSample.debug.xcconfig */,
				110BD34618E9A14C49BC850E /* Pods-DaoSample.release.xcconfig */,
				E92E8AB6667168178762F75A /* Pods-DaoSample-DaoSampleUITests.debug.xcconfig */,
				4A269B535EADAE6637379EFF /* Pods-DaoSample-DaoSampleUITests.release.xcconfig */,
				2CC62AE82F227AE18E48DD15 /* Pods-DaoSampleTests.debug.xcconfig */,
				D429A7CBA3CF0115437C5949 /* Pods-DaoSampleTests.release.xcconfig */,
			);
			path = Pods;
			sourceTree = "<group>";
		};
		286795BD257299BD00A419D2 /* Browser */ = {
			isa = PBXGroup;
			children = (
			);
			path = Browser;
			sourceTree = "<group>";
		};
		286F56A225D2515C0004A46C /* Cell */ = {
			isa = PBXGroup;
			children = (
				2885E92525CED7FA004DCCC0 /* CollectionViewCell.swift */,
				2885E92625CED7FA004DCCC0 /* CollectionViewCell.xib */,
			);
			path = Cell;
			sourceTree = "<group>";
		};
		286F56A325D251650004A46C /* View */ = {
			isa = PBXGroup;
			children = (
				286F56A425D251BD0004A46C /* SupplementaryView.swift */,
			);
			path = View;
			sourceTree = "<group>";
		};
		2885E92425CED7C6004DCCC0 /* CollectionView */ = {
			isa = PBXGroup;
			children = (
				286F56A325D251650004A46C /* View */,
				286F56A225D2515C0004A46C /* Cell */,
				28D53BDC25D0FAD70000C9D6 /* Layout */,
				2885E91D25CE840E004DCCC0 /* CollectionViewController.swift */,
				2885E91E25CE840E004DCCC0 /* CollectionViewController.xib */,
			);
			path = CollectionView;
			sourceTree = "<group>";
		};
		28B8DA6125CA33420085A4A4 /* CoreData */ = {
			isa = PBXGroup;
			children = (
				28B8DA6225CA34E70085A4A4 /* CoreData.swift */,
				28B8DA5B25C8FC120085A4A4 /* BiologyModel.xcdatamodeld */,
				28B8DA6725CA36D90085A4A4 /* PersistentContainer.swift */,
			);
			path = CoreData;
			sourceTree = "<group>";
		};
		28B8DA7E25CA44040085A4A4 /* CoreStore */ = {
			isa = PBXGroup;
			children = (
				28B8DA7F25CA44180085A4A4 /* CoreStorer.swift */,
			);
			path = CoreStore;
			sourceTree = "<group>";
		};
		28B8DAFA25CCCB7A0085A4A4 /* TableView */ = {
			isa = PBXGroup;
			children = (
				28B8DAFB25CCCC480085A4A4 /* View */,
				28B8DA5425C8E37E0085A4A4 /* ResultsTableController.swift */,
				28B8DA5525C8E37E0085A4A4 /* ResultsTableController.xib */,
				28B6044525B57216009653AF /* TableViewController.swift */,
				28B6044625B57216009653AF /* TableViewController.xib */,
			);
			path = TableView;
			sourceTree = "<group>";
		};
		28B8DAFB25CCCC480085A4A4 /* View */ = {
			isa = PBXGroup;
			children = (
				2885E90825CCD41B004DCCC0 /* THeaderView.swift */,
			);
			path = View;
			sourceTree = "<group>";
		};
		28D53BDC25D0FAD70000C9D6 /* Layout */ = {
			isa = PBXGroup;
			children = (
				286F569D25D2302D0004A46C /* CollectionViewFlowLayout.swift */,
				286FF9E125EC772800AC482A /* CollectionViewLayout.swift */,
				286FF9E625F50ED800AC482A /* LayoutAttributes.swift */,
				E95A98E2265749C100E37691 /* TiltedLayout.swift */,
				E95A98E42657514500E37691 /* CusLayoutAttributes.swift */,
				E95A98E626575DD900E37691 /* LayoutTransform.swift */,
				E95A98E826575FCA00E37691 /* CustomCollectionView.swift */,
				E905D160265CE4BA00D3E98D /* CusCollectionLayout.swift */,
				E905D162265CE9A200D3E98D /* TestCollectionViewLayout.swift */,
			);
			path = Layout;
			sourceTree = "<group>";
		};
		30862C29949D13B789B5EE89 /* Frameworks */ = {
			isa = PBXGroup;
			children = (
				60466B6F93785E712A12BBF9 /* Pods_DaoSample.framework */,
				65AC68674D943DF127A7AFCC /* Pods_DaoSample_DaoSampleUITests.framework */,
				405F9D4755E7E3ADE5677BC1 /* Pods_DaoSampleTests.framework */,
			);
			name = Frameworks;
			sourceTree = "<group>";
		};
		75427B2925382C5D0025EBD4 = {
			isa = PBXGroup;
			children = (
				75427B3425382C5D0025EBD4 /* DaoSample */,
				75427B4B25382C640025EBD4 /* DaoSampleTests */,
				75427B5625382C640025EBD4 /* DaoSampleUITests */,
				75427B3325382C5D0025EBD4 /* Products */,
				144BB4F06A8B33B669CBF350 /* Pods */,
				30862C29949D13B789B5EE89 /* Frameworks */,
			);
			sourceTree = "<group>";
		};
		75427B3325382C5D0025EBD4 /* Products */ = {
			isa = PBXGroup;
			children = (
				75427B3225382C5D0025EBD4 /* DaoSample.app */,
				75427B4825382C640025EBD4 /* DaoSampleTests.xctest */,
				75427B5325382C640025EBD4 /* DaoSampleUITests.xctest */,
			);
			name = Products;
			sourceTree = "<group>";
		};
		75427B3425382C5D0025EBD4 /* DaoSample */ = {
			isa = PBXGroup;
			children = (
				E9C9725126534D2800E0373A /* XCGLoggerSample */,
				E9C97249264E204100E0373A /* PanModalSample */,
				2885E92425CED7C6004DCCC0 /* CollectionView */,
				28B8DAFA25CCCB7A0085A4A4 /* TableView */,
				28B8DA7E25CA44040085A4A4 /* CoreStore */,
				28B8DA6125CA33420085A4A4 /* CoreData */,
				286795BD257299BD00A419D2 /* Browser */,
				75FB6FDC256000CD008002DF /* Extension */,
				75FB6FD3255FFF20008002DF /* BaseUI */,
				75427B3525382C5D0025EBD4 /* AppDelegate.swift */,
				75427B3725382C5D0025EBD4 /* SceneDelegate.swift */,
				75FB6FC9255FFACA008002DF /* ViewController.swift */,
				75FB6FCA255FFACA008002DF /* ViewController.xib */,
				75427B3B25382C5D0025EBD4 /* Main.storyboard */,
				75427B3E25382C630025EBD4 /* Assets.xcassets */,
				75427B4025382C630025EBD4 /* LaunchScreen.storyboard */,
				75427B4325382C640025EBD4 /* Info.plist */,
			);
			path = DaoSample;
			sourceTree = "<group>";
		};
		75427B4B25382C640025EBD4 /* DaoSampleTests */ = {
			isa = PBXGroup;
			children = (
				75427B4C25382C640025EBD4 /* DaoSampleTests.swift */,
				75427B4E25382C640025EBD4 /* Info.plist */,
			);
			path = DaoSampleTests;
			sourceTree = "<group>";
		};
		75427B5625382C640025EBD4 /* DaoSampleUITests */ = {
			isa = PBXGroup;
			children = (
				75427B5725382C640025EBD4 /* DaoSampleUITests.swift */,
				75427B5925382C640025EBD4 /* Info.plist */,
			);
			path = DaoSampleUITests;
			sourceTree = "<group>";
		};
		75FB6FD3255FFF20008002DF /* BaseUI */ = {
			isa = PBXGroup;
			children = (
				75FB6FD7255FFF56008002DF /* BaseView.swift */,
				75FB6FE625600996008002DF /* BaseNavigationController.swift */,
				75FB6FEB256009B3008002DF /* BaseViewController.swift */,
				75F3AD56256924960000BDBE /* BaseWebView.swift */,
				E9C97241264E0E4600E0373A /* BaseTableView.swift */,
			);
			path = BaseUI;
			sourceTree = "<group>";
		};
		75FB6FDC256000CD008002DF /* Extension */ = {
			isa = PBXGroup;
			children = (
				75FB6FDD2560010C008002DF /* UIView_Extension.swift */,
				75FB6FF625601953008002DF /* UIApplication_Extension.swift */,
				75FB6FFB25601B32008002DF /* String_Extension.swift */,
				75F3AD462568BDCD0000BDBE /* UITextField_Extension.swift */,
				75F3AD512569201C0000BDBE /* WKWebView_Extension.swift */,
				28A205CE25A70FCA00AF9BFA /* UINavigationController_Extension.swift */,
				28A205D325A71BE400AF9BFA /* UIViewController_Extension.swift */,
				28B6044025B56DC3009653AF /* WKWebviewConfiguration_Extension.swift */,
				286F56AE25D25C130004A46C /* CollectionView_Extension.swift */,
			);
			path = Extension;
			sourceTree = "<group>";
		};
		E9C97249264E204100E0373A /* PanModalSample */ = {
			isa = PBXGroup;
			children = (
				E9C9724A264E208300E0373A /* PanModalController.swift */,
				E9C9724B264E208300E0373A /* PanModalController.xib */,
			);
			path = PanModalSample;
			sourceTree = "<group>";
		};
		E9C9725126534D2800E0373A /* XCGLoggerSample */ = {
			isa = PBXGroup;
			children = (
				E9C9725226534D5B00E0373A /* XCGLoggerController.swift */,
				E9C9725326534D5B00E0373A /* XCGLoggerController.xib */,
			);
			path = XCGLoggerSample;
			sourceTree = "<group>";
		};
/* End PBXGroup section */

/* Begin PBXNativeTarget section */
		75427B3125382C5D0025EBD4 /* DaoSample */ = {
			isa = PBXNativeTarget;
			buildConfigurationList = 75427B5C25382C640025EBD4 /* Build configuration list for PBXNativeTarget "DaoSample" */;
			buildPhases = (
				D7739AAE430444E0BDFE7E7B /* [CP] Check Pods Manifest.lock */,
				75427B2E25382C5D0025EBD4 /* Sources */,
				75427B2F25382C5D0025EBD4 /* Frameworks */,
				75427B3025382C5D0025EBD4 /* Resources */,
				5C09FBCD6956DDDE3DEC68BD /* [CP] Embed Pods Frameworks */,
			);
			buildRules = (
			);
			dependencies = (
			);
			name = DaoSample;
			packageProductDependencies = (
			);
			productName = DaoSample;
			productReference = 75427B3225382C5D0025EBD4 /* DaoSample.app */;
			productType = "com.apple.product-type.application";
		};
		75427B4725382C640025EBD4 /* DaoSampleTests */ = {
			isa = PBXNativeTarget;
			buildConfigurationList = 75427B5F25382C640025EBD4 /* Build configuration list for PBXNativeTarget "DaoSampleTests" */;
			buildPhases = (
				D4C7F99616F3A0C714B71B17 /* [CP] Check Pods Manifest.lock */,
				75427B4425382C640025EBD4 /* Sources */,
				75427B4525382C640025EBD4 /* Frameworks */,
				75427B4625382C640025EBD4 /* Resources */,
			);
			buildRules = (
			);
			dependencies = (
				75427B4A25382C640025EBD4 /* PBXTargetDependency */,
			);
			name = DaoSampleTests;
			productName = DaoSampleTests;
			productReference = 75427B4825382C640025EBD4 /* DaoSampleTests.xctest */;
			productType = "com.apple.product-type.bundle.unit-test";
		};
		75427B5225382C640025EBD4 /* DaoSampleUITests */ = {
			isa = PBXNativeTarget;
			buildConfigurationList = 75427B6225382C640025EBD4 /* Build configuration list for PBXNativeTarget "DaoSampleUITests" */;
			buildPhases = (
				2400D85CA06A261EB8E18651 /* [CP] Check Pods Manifest.lock */,
				75427B4F25382C640025EBD4 /* Sources */,
				75427B5025382C640025EBD4 /* Frameworks */,
				75427B5125382C640025EBD4 /* Resources */,
				0E471189A05447CC39435536 /* [CP] Embed Pods Frameworks */,
			);
			buildRules = (
			);
			dependencies = (
				75427B5525382C640025EBD4 /* PBXTargetDependency */,
			);
			name = DaoSampleUITests;
			productName = DaoSampleUITests;
			productReference = 75427B5325382C640025EBD4 /* DaoSampleUITests.xctest */;
			productType = "com.apple.product-type.bundle.ui-testing";
		};
/* End PBXNativeTarget section */

/* Begin PBXProject section */
		75427B2A25382C5D0025EBD4 /* Project object */ = {
			isa = PBXProject;
			attributes = {
				LastSwiftUpdateCheck = 1200;
				LastUpgradeCheck = 1200;
				TargetAttributes = {
					75427B3125382C5D0025EBD4 = {
						CreatedOnToolsVersion = 12.0.1;
					};
					75427B4725382C640025EBD4 = {
						CreatedOnToolsVersion = 12.0.1;
						TestTargetID = 75427B3125382C5D0025EBD4;
					};
					75427B5225382C640025EBD4 = {
						CreatedOnToolsVersion = 12.0.1;
						TestTargetID = 75427B3125382C5D0025EBD4;
					};
				};
			};
			buildConfigurationList = 75427B2D25382C5D0025EBD4 /* Build configuration list for PBXProject "DaoSample" */;
			compatibilityVersion = "Xcode 9.3";
			developmentRegion = en;
			hasScannedForEncodings = 0;
			knownRegions = (
				en,
				Base,
			);
			mainGroup = 75427B2925382C5D0025EBD4;
			packageReferences = (
			);
			productRefGroup = 75427B3325382C5D0025EBD4 /* Products */;
			projectDirPath = "";
			projectRoot = "";
			targets = (
				75427B3125382C5D0025EBD4 /* DaoSample */,
				75427B4725382C640025EBD4 /* DaoSampleTests */,
				75427B5225382C640025EBD4 /* DaoSampleUITests */,
			);
		};
/* End PBXProject section */

/* Begin PBXResourcesBuildPhase section */
		75427B3025382C5D0025EBD4 /* Resources */ = {
			isa = PBXResourcesBuildPhase;
			buildActionMask = 2147483647;
			files = (
				75427B4225382C630025EBD4 /* LaunchScreen.storyboard in Resources */,
				E9C9724D264E208300E0373A /* PanModalController.xib in Resources */,
				75427B3F25382C630025EBD4 /* Assets.xcassets in Resources */,
				2885E92025CE840E004DCCC0 /* CollectionViewController.xib in Resources */,
				75FB6FCC255FFACA008002DF /* ViewController.xib in Resources */,
				28B6044825B57216009653AF /* TableViewController.xib in Resources */,
				75427B3D25382C5D0025EBD4 /* Main.storyboard in Resources */,
				2885E92825CED7FA004DCCC0 /* CollectionViewCell.xib in Resources */,
				E9C9725526534D5B00E0373A /* XCGLoggerController.xib in Resources */,
				28B8DA5725C8E37E0085A4A4 /* ResultsTableController.xib in Resources */,
			);
			runOnlyForDeploymentPostprocessing = 0;
		};
		75427B4625382C640025EBD4 /* Resources */ = {
			isa = PBXResourcesBuildPhase;
			buildActionMask = 2147483647;
			files = (
			);
			runOnlyForDeploymentPostprocessing = 0;
		};
		75427B5125382C640025EBD4 /* Resources */ = {
			isa = PBXResourcesBuildPhase;
			buildActionMask = 2147483647;
			files = (
			);
			runOnlyForDeploymentPostprocessing = 0;
		};
/* End PBXResourcesBuildPhase section */

/* Begin PBXShellScriptBuildPhase section */
		0E471189A05447CC39435536 /* [CP] Embed Pods Frameworks */ = {
			isa = PBXShellScriptBuildPhase;
			buildActionMask = 2147483647;
			files = (
			);
			inputFileListPaths = (
				"${PODS_ROOT}/Target Support Files/Pods-DaoSample-DaoSampleUITests/Pods-DaoSample-DaoSampleUITests-frameworks-${CONFIGURATION}-input-files.xcfilelist",
			);
			name = "[CP] Embed Pods Frameworks";
			outputFileListPaths = (
				"${PODS_ROOT}/Target Support Files/Pods-DaoSample-DaoSampleUITests/Pods-DaoSample-DaoSampleUITests-frameworks-${CONFIGURATION}-output-files.xcfilelist",
			);
			runOnlyForDeploymentPostprocessing = 0;
			shellPath = /bin/sh;
			shellScript = "\"${PODS_ROOT}/Target Support Files/Pods-DaoSample-DaoSampleUITests/Pods-DaoSample-DaoSampleUITests-frameworks.sh\"\n";
			showEnvVarsInLog = 0;
		};
		2400D85CA06A261EB8E18651 /* [CP] Check Pods Manifest.lock */ = {
			isa = PBXShellScriptBuildPhase;
			buildActionMask = 2147483647;
			files = (
			);
			inputFileListPaths = (
			);
			inputPaths = (
				"${PODS_PODFILE_DIR_PATH}/Podfile.lock",
				"${PODS_ROOT}/Manifest.lock",
			);
			name = "[CP] Check Pods Manifest.lock";
			outputFileListPaths = (
			);
			outputPaths = (
				"$(DERIVED_FILE_DIR)/Pods-DaoSample-DaoSampleUITests-checkManifestLockResult.txt",
			);
			runOnlyForDeploymentPostprocessing = 0;
			shellPath = /bin/sh;
			shellScript = "diff \"${PODS_PODFILE_DIR_PATH}/Podfile.lock\" \"${PODS_ROOT}/Manifest.lock\" > /dev/null\nif [ $? != 0 ] ; then\n    # print error to STDERR\n    echo \"error: The sandbox is not in sync with the Podfile.lock. Run 'pod install' or update your CocoaPods installation.\" >&2\n    exit 1\nfi\n# This output is used by Xcode 'outputs' to avoid re-running this script phase.\necho \"SUCCESS\" > \"${SCRIPT_OUTPUT_FILE_0}\"\n";
			showEnvVarsInLog = 0;
		};
		5C09FBCD6956DDDE3DEC68BD /* [CP] Embed Pods Frameworks */ = {
			isa = PBXShellScriptBuildPhase;
			buildActionMask = 2147483647;
			files = (
			);
			inputFileListPaths = (
				"${PODS_ROOT}/Target Support Files/Pods-DaoSample/Pods-DaoSample-frameworks-${CONFIGURATION}-input-files.xcfilelist",
			);
			name = "[CP] Embed Pods Frameworks";
			outputFileListPaths = (
				"${PODS_ROOT}/Target Support Files/Pods-DaoSample/Pods-DaoSample-frameworks-${CONFIGURATION}-output-files.xcfilelist",
			);
			runOnlyForDeploymentPostprocessing = 0;
			shellPath = /bin/sh;
			shellScript = "\"${PODS_ROOT}/Target Support Files/Pods-DaoSample/Pods-DaoSample-frameworks.sh\"\n";
			showEnvVarsInLog = 0;
		};
		D4C7F99616F3A0C714B71B17 /* [CP] Check Pods Manifest.lock */ = {
			isa = PBXShellScriptBuildPhase;
			buildActionMask = 2147483647;
			files = (
			);
			inputFileListPaths = (
			);
			inputPaths = (
				"${PODS_PODFILE_DIR_PATH}/Podfile.lock",
				"${PODS_ROOT}/Manifest.lock",
			);
			name = "[CP] Check Pods Manifest.lock";
			outputFileListPaths = (
			);
			outputPaths = (
				"$(DERIVED_FILE_DIR)/Pods-DaoSampleTests-checkManifestLockResult.txt",
			);
			runOnlyForDeploymentPostprocessing = 0;
			shellPath = /bin/sh;
			shellScript = "diff \"${PODS_PODFILE_DIR_PATH}/Podfile.lock\" \"${PODS_ROOT}/Manifest.lock\" > /dev/null\nif [ $? != 0 ] ; then\n    # print error to STDERR\n    echo \"error: The sandbox is not in sync with the Podfile.lock. Run 'pod install' or update your CocoaPods installation.\" >&2\n    exit 1\nfi\n# This output is used by Xcode 'outputs' to avoid re-running this script phase.\necho \"SUCCESS\" > \"${SCRIPT_OUTPUT_FILE_0}\"\n";
			showEnvVarsInLog = 0;
		};
		D7739AAE430444E0BDFE7E7B /* [CP] Check Pods Manifest.lock */ = {
			isa = PBXShellScriptBuildPhase;
			buildActionMask = 2147483647;
			files = (
			);
			inputFileListPaths = (
			);
			inputPaths = (
				"${PODS_PODFILE_DIR_PATH}/Podfile.lock",
				"${PODS_ROOT}/Manifest.lock",
			);
			name = "[CP] Check Pods Manifest.lock";
			outputFileListPaths = (
			);
			outputPaths = (
				"$(DERIVED_FILE_DIR)/Pods-DaoSample-checkManifestLockResult.txt",
			);
			runOnlyForDeploymentPostprocessing = 0;
			shellPath = /bin/sh;
			shellScript = "diff \"${PODS_PODFILE_DIR_PATH}/Podfile.lock\" \"${PODS_ROOT}/Manifest.lock\" > /dev/null\nif [ $? != 0 ] ; then\n    # print error to STDERR\n    echo \"error: The sandbox is not in sync with the Podfile.lock. Run 'pod install' or update your CocoaPods installation.\" >&2\n    exit 1\nfi\n# This output is used by Xcode 'outputs' to avoid re-running this script phase.\necho \"SUCCESS\" > \"${SCRIPT_OUTPUT_FILE_0}\"\n";
			showEnvVarsInLog = 0;
		};
/* End PBXShellScriptBuildPhase section */

/* Begin PBXSourcesBuildPhase section */
		75427B2E25382C5D0025EBD4 /* Sources */ = {
			isa = PBXSourcesBuildPhase;
			buildActionMask = 2147483647;
			files = (
				2885E91F25CE840E004DCCC0 /* CollectionViewController.swift in Sources */,
				75FB6FD8255FFF56008002DF /* BaseView.swift in Sources */,
				2885E92725CED7FA004DCCC0 /* CollectionViewCell.swift in Sources */,
				75FB6FCB255FFACA008002DF /* ViewController.swift in Sources */,
				E9C97242264E0E4600E0373A /* BaseTableView.swift in Sources */,
				286F56AF25D25C130004A46C /* CollectionView_Extension.swift in Sources */,
				28A205CF25A70FCA00AF9BFA /* UINavigationController_Extension.swift in Sources */,
				286F569E25D2302D0004A46C /* CollectionViewFlowLayout.swift in Sources */,
				75FB6FE725600996008002DF /* BaseNavigationController.swift in Sources */,
				28A205D425A71BE400AF9BFA /* UIViewController_Extension.swift in Sources */,
				286FF9E725F50ED800AC482A /* LayoutAttributes.swift in Sources */,
				75427B3625382C5D0025EBD4 /* AppDelegate.swift in Sources */,
				286FF9E225EC772800AC482A /* CollectionViewLayout.swift in Sources */,
				E9C9724C264E208300E0373A /* PanModalController.swift in Sources */,
				75F3AD57256924960000BDBE /* BaseWebView.swift in Sources */,
				75FB6FFC25601B32008002DF /* String_Extension.swift in Sources */,
				E95A98E3265749C100E37691 /* TiltedLayout.swift in Sources */,
				28B8DA6325CA34E70085A4A4 /* CoreData.swift in Sources */,
				75F3AD522569201C0000BDBE /* WKWebView_Extension.swift in Sources */,
				28B8DA8025CA44180085A4A4 /* CoreStorer.swift in Sources */,
				E905D161265CE4BA00D3E98D /* CusCollectionLayout.swift in Sources */,
				75FB6FDE2560010C008002DF /* UIView_Extension.swift in Sources */,
				28B6044125B56DC3009653AF /* WKWebviewConfiguration_Extension.swift in Sources */,
				28B8DA6825CA36D90085A4A4 /* PersistentContainer.swift in Sources */,
				E905D163265CE9A200D3E98D /* TestCollectionViewLayout.swift in Sources */,
				28B6044725B57216009653AF /* TableViewController.swift in Sources */,
				75FB6FEC256009B3008002DF /* BaseViewController.swift in Sources */,
				E95A98E726575DD900E37691 /* LayoutTransform.swift in Sources */,
				28B8DA5D25C8FC120085A4A4 /* BiologyModel.xcdatamodeld in Sources */,
				E95A98E926575FCA00E37691 /* CustomCollectionView.swift in Sources */,
				286F56A625D251BD0004A46C /* SupplementaryView.swift in Sources */,
				E9C9725426534D5B00E0373A /* XCGLoggerController.swift in Sources */,
				28B8DA5625C8E37E0085A4A4 /* ResultsTableController.swift in Sources */,
				75F3AD472568BDCD0000BDBE /* UITextField_Extension.swift in Sources */,
				E95A98E52657514500E37691 /* CusLayoutAttributes.swift in Sources */,
				75FB6FF725601953008002DF /* UIApplication_Extension.swift in Sources */,
				2885E90925CCD41B004DCCC0 /* THeaderView.swift in Sources */,
				75427B3825382C5D0025EBD4 /* SceneDelegate.swift in Sources */,
			);
			runOnlyForDeploymentPostprocessing = 0;
		};
		75427B4425382C640025EBD4 /* Sources */ = {
			isa = PBXSourcesBuildPhase;
			buildActionMask = 2147483647;
			files = (
				75427B4D25382C640025EBD4 /* DaoSampleTests.swift in Sources */,
			);
			runOnlyForDeploymentPostprocessing = 0;
		};
		75427B4F25382C640025EBD4 /* Sources */ = {
			isa = PBXSourcesBuildPhase;
			buildActionMask = 2147483647;
			files = (
				75427B5825382C640025EBD4 /* DaoSampleUITests.swift in Sources */,
			);
			runOnlyForDeploymentPostprocessing = 0;
		};
/* End PBXSourcesBuildPhase section */

/* Begin PBXTargetDependency section */
		75427B4A25382C640025EBD4 /* PBXTargetDependency */ = {
			isa = PBXTargetDependency;
			target = 75427B3125382C5D0025EBD4 /* DaoSample */;
			targetProxy = 75427B4925382C640025EBD4 /* PBXContainerItemProxy */;
		};
		75427B5525382C640025EBD4 /* PBXTargetDependency */ = {
			isa = PBXTargetDependency;
			target = 75427B3125382C5D0025EBD4 /* DaoSample */;
			targetProxy = 75427B5425382C640025EBD4 /* PBXContainerItemProxy */;
		};
/* End PBXTargetDependency section */

/* Begin PBXVariantGroup section */
		75427B3B25382C5D0025EBD4 /* Main.storyboard */ = {
			isa = PBXVariantGroup;
			children = (
				75427B3C25382C5D0025EBD4 /* Base */,
			);
			name = Main.storyboard;
			sourceTree = "<group>";
		};
		75427B4025382C630025EBD4 /* LaunchScreen.storyboard */ = {
			isa = PBXVariantGroup;
			children = (
				75427B4125382C630025EBD4 /* Base */,
			);
			name = LaunchScreen.storyboard;
			sourceTree = "<group>";
		};
/* End PBXVariantGroup section */

/* Begin XCBuildConfiguration section */
		75427B5A25382C640025EBD4 /* Debug */ = {
			isa = XCBuildConfiguration;
			buildSettings = {
				ALWAYS_SEARCH_USER_PATHS = NO;
				CLANG_ANALYZER_NONNULL = YES;
				CLANG_ANALYZER_NUMBER_OBJECT_CONVERSION = YES_AGGRESSIVE;
				CLANG_CXX_LANGUAGE_STANDARD = "gnu++14";
				CLANG_CXX_LIBRARY = "libc++";
				CLANG_ENABLE_MODULES = YES;
				CLANG_ENABLE_OBJC_ARC = YES;
				CLANG_ENABLE_OBJC_WEAK = YES;
				CLANG_WARN_BLOCK_CAPTURE_AUTORELEASING = YES;
				CLANG_WARN_BOOL_CONVERSION = YES;
				CLANG_WARN_COMMA = YES;
				CLANG_WARN_CONSTANT_CONVERSION = YES;
				CLANG_WARN_DEPRECATED_OBJC_IMPLEMENTATIONS = YES;
				CLANG_WARN_DIRECT_OBJC_ISA_USAGE = YES_ERROR;
				CLANG_WARN_DOCUMENTATION_COMMENTS = YES;
				CLANG_WARN_EMPTY_BODY = YES;
				CLANG_WARN_ENUM_CONVERSION = YES;
				CLANG_WARN_INFINITE_RECURSION = YES;
				CLANG_WARN_INT_CONVERSION = YES;
				CLANG_WARN_NON_LITERAL_NULL_CONVERSION = YES;
				CLANG_WARN_OBJC_IMPLICIT_RETAIN_SELF = YES;
				CLANG_WARN_OBJC_LITERAL_CONVERSION = YES;
				CLANG_WARN_OBJC_ROOT_CLASS = YES_ERROR;
				CLANG_WARN_QUOTED_INCLUDE_IN_FRAMEWORK_HEADER = YES;
				CLANG_WARN_RANGE_LOOP_ANALYSIS = YES;
				CLANG_WARN_STRICT_PROTOTYPES = YES;
				CLANG_WARN_SUSPICIOUS_MOVE = YES;
				CLANG_WARN_UNGUARDED_AVAILABILITY = YES_AGGRESSIVE;
				CLANG_WARN_UNREACHABLE_CODE = YES;
				CLANG_WARN__DUPLICATE_METHOD_MATCH = YES;
				COPY_PHASE_STRIP = NO;
				DEBUG_INFORMATION_FORMAT = dwarf;
				ENABLE_STRICT_OBJC_MSGSEND = YES;
				ENABLE_TESTABILITY = YES;
				GCC_C_LANGUAGE_STANDARD = gnu11;
				GCC_DYNAMIC_NO_PIC = NO;
				GCC_NO_COMMON_BLOCKS = YES;
				GCC_OPTIMIZATION_LEVEL = 0;
				GCC_PREPROCESSOR_DEFINITIONS = (
					"DEBUG=1",
					"$(inherited)",
				);
				GCC_WARN_64_TO_32_BIT_CONVERSION = YES;
				GCC_WARN_ABOUT_RETURN_TYPE = YES_ERROR;
				GCC_WARN_UNDECLARED_SELECTOR = YES;
				GCC_WARN_UNINITIALIZED_AUTOS = YES_AGGRESSIVE;
				GCC_WARN_UNUSED_FUNCTION = YES;
				GCC_WARN_UNUSED_VARIABLE = YES;
				IPHONEOS_DEPLOYMENT_TARGET = 14.0;
				MTL_ENABLE_DEBUG_INFO = INCLUDE_SOURCE;
				MTL_FAST_MATH = YES;
				ONLY_ACTIVE_ARCH = YES;
				SDKROOT = iphoneos;
				SWIFT_ACTIVE_COMPILATION_CONDITIONS = DEBUG;
				SWIFT_OPTIMIZATION_LEVEL = "-Onone";
			};
			name = Debug;
		};
		75427B5B25382C640025EBD4 /* Release */ = {
			isa = XCBuildConfiguration;
			buildSettings = {
				ALWAYS_SEARCH_USER_PATHS = NO;
				CLANG_ANALYZER_NONNULL = YES;
				CLANG_ANALYZER_NUMBER_OBJECT_CONVERSION = YES_AGGRESSIVE;
				CLANG_CXX_LANGUAGE_STANDARD = "gnu++14";
				CLANG_CXX_LIBRARY = "libc++";
				CLANG_ENABLE_MODULES = YES;
				CLANG_ENABLE_OBJC_ARC = YES;
				CLANG_ENABLE_OBJC_WEAK = YES;
				CLANG_WARN_BLOCK_CAPTURE_AUTORELEASING = YES;
				CLANG_WARN_BOOL_CONVERSION = YES;
				CLANG_WARN_COMMA = YES;
				CLANG_WARN_CONSTANT_CONVERSION = YES;
				CLANG_WARN_DEPRECATED_OBJC_IMPLEMENTATIONS = YES;
				CLANG_WARN_DIRECT_OBJC_ISA_USAGE = YES_ERROR;
				CLANG_WARN_DOCUMENTATION_COMMENTS = YES;
				CLANG_WARN_EMPTY_BODY = YES;
				CLANG_WARN_ENUM_CONVERSION = YES;
				CLANG_WARN_INFINITE_RECURSION = YES;
				CLANG_WARN_INT_CONVERSION = YES;
				CLANG_WARN_NON_LITERAL_NULL_CONVERSION = YES;
				CLANG_WARN_OBJC_IMPLICIT_RETAIN_SELF = YES;
				CLANG_WARN_OBJC_LITERAL_CONVERSION = YES;
				CLANG_WARN_OBJC_ROOT_CLASS = YES_ERROR;
				CLANG_WARN_QUOTED_INCLUDE_IN_FRAMEWORK_HEADER = YES;
				CLANG_WARN_RANGE_LOOP_ANALYSIS = YES;
				CLANG_WARN_STRICT_PROTOTYPES = YES;
				CLANG_WARN_SUSPICIOUS_MOVE = YES;
				CLANG_WARN_UNGUARDED_AVAILABILITY = YES_AGGRESSIVE;
				CLANG_WARN_UNREACHABLE_CODE = YES;
				CLANG_WARN__DUPLICATE_METHOD_MATCH = YES;
				COPY_PHASE_STRIP = NO;
				DEBUG_INFORMATION_FORMAT = "dwarf-with-dsym";
				ENABLE_NS_ASSERTIONS = NO;
				ENABLE_STRICT_OBJC_MSGSEND = YES;
				GCC_C_LANGUAGE_STANDARD = gnu11;
				GCC_NO_COMMON_BLOCKS = YES;
				GCC_WARN_64_TO_32_BIT_CONVERSION = YES;
				GCC_WARN_ABOUT_RETURN_TYPE = YES_ERROR;
				GCC_WARN_UNDECLARED_SELECTOR = YES;
				GCC_WARN_UNINITIALIZED_AUTOS = YES_AGGRESSIVE;
				GCC_WARN_UNUSED_FUNCTION = YES;
				GCC_WARN_UNUSED_VARIABLE = YES;
				IPHONEOS_DEPLOYMENT_TARGET = 14.0;
				MTL_ENABLE_DEBUG_INFO = NO;
				MTL_FAST_MATH = YES;
				SDKROOT = iphoneos;
				SWIFT_COMPILATION_MODE = wholemodule;
				SWIFT_OPTIMIZATION_LEVEL = "-O";
				VALIDATE_PRODUCT = YES;
			};
			name = Release;
		};
		75427B5D25382C640025EBD4 /* Debug */ = {
			isa = XCBuildConfiguration;
			baseConfigurationReference = F0BE6A84349F1F956C39637F /* Pods-DaoSample.debug.xcconfig */;
			buildSettings = {
				ASSETCATALOG_COMPILER_APPICON_NAME = AppIcon;
				ASSETCATALOG_COMPILER_GLOBAL_ACCENT_COLOR_NAME = AccentColor;
				CODE_SIGN_STYLE = Automatic;
				DEVELOPMENT_TEAM = N3HB8GN749;
				INFOPLIST_FILE = DaoSample/Info.plist;
				IPHONEOS_DEPLOYMENT_TARGET = 11.0;
				LD_RUNPATH_SEARCH_PATHS = (
					"$(inherited)",
					"@executable_path/Frameworks",
				);
				PRODUCT_BUNDLE_IDENTIFIER = com.yyddl.DaoSample;
				PRODUCT_NAME = "$(TARGET_NAME)";
				SWIFT_VERSION = 5.0;
				TARGETED_DEVICE_FAMILY = "1,2";
			};
			name = Debug;
		};
		75427B5E25382C640025EBD4 /* Release */ = {
			isa = XCBuildConfiguration;
			baseConfigurationReference = 110BD34618E9A14C49BC850E /* Pods-DaoSample.release.xcconfig */;
			buildSettings = {
				ASSETCATALOG_COMPILER_APPICON_NAME = AppIcon;
				ASSETCATALOG_COMPILER_GLOBAL_ACCENT_COLOR_NAME = AccentColor;
				CODE_SIGN_STYLE = Automatic;
				DEVELOPMENT_TEAM = N3HB8GN749;
				INFOPLIST_FILE = DaoSample/Info.plist;
				IPHONEOS_DEPLOYMENT_TARGET = 11.0;
				LD_RUNPATH_SEARCH_PATHS = (
					"$(inherited)",
					"@executable_path/Frameworks",
				);
				PRODUCT_BUNDLE_IDENTIFIER = com.yyddl.DaoSample;
				PRODUCT_NAME = "$(TARGET_NAME)";
				SWIFT_VERSION = 5.0;
				TARGETED_DEVICE_FAMILY = "1,2";
			};
			name = Release;
		};
		75427B6025382C640025EBD4 /* Debug */ = {
			isa = XCBuildConfiguration;
			baseConfigurationReference = 2CC62AE82F227AE18E48DD15 /* Pods-DaoSampleTests.debug.xcconfig */;
			buildSettings = {
				ALWAYS_EMBED_SWIFT_STANDARD_LIBRARIES = YES;
				BUNDLE_LOADER = "$(TEST_HOST)";
				CODE_SIGN_STYLE = Automatic;
				INFOPLIST_FILE = DaoSampleTests/Info.plist;
				IPHONEOS_DEPLOYMENT_TARGET = 14.0;
				LD_RUNPATH_SEARCH_PATHS = (
					"$(inherited)",
					"@executable_path/Frameworks",
					"@loader_path/Frameworks",
				);
				PRODUCT_BUNDLE_IDENTIFIER = com.yyddl.DaoSampleTests;
				PRODUCT_NAME = "$(TARGET_NAME)";
				SWIFT_VERSION = 5.0;
				TARGETED_DEVICE_FAMILY = "1,2";
				TEST_HOST = "$(BUILT_PRODUCTS_DIR)/DaoSample.app/DaoSample";
			};
			name = Debug;
		};
		75427B6125382C640025EBD4 /* Release */ = {
			isa = XCBuildConfiguration;
			baseConfigurationReference = D429A7CBA3CF0115437C5949 /* Pods-DaoSampleTests.release.xcconfig */;
			buildSettings = {
				ALWAYS_EMBED_SWIFT_STANDARD_LIBRARIES = YES;
				BUNDLE_LOADER = "$(TEST_HOST)";
				CODE_SIGN_STYLE = Automatic;
				INFOPLIST_FILE = DaoSampleTests/Info.plist;
				IPHONEOS_DEPLOYMENT_TARGET = 14.0;
				LD_RUNPATH_SEARCH_PATHS = (
					"$(inherited)",
					"@executable_path/Frameworks",
					"@loader_path/Frameworks",
				);
				PRODUCT_BUNDLE_IDENTIFIER = com.yyddl.DaoSampleTests;
				PRODUCT_NAME = "$(TARGET_NAME)";
				SWIFT_VERSION = 5.0;
				TARGETED_DEVICE_FAMILY = "1,2";
				TEST_HOST = "$(BUILT_PRODUCTS_DIR)/DaoSample.app/DaoSample";
			};
			name = Release;
		};
		75427B6325382C640025EBD4 /* Debug */ = {
			isa = XCBuildConfiguration;
			baseConfigurationReference = E92E8AB6667168178762F75A /* Pods-DaoSample-DaoSampleUITests.debug.xcconfig */;
			buildSettings = {
				ALWAYS_EMBED_SWIFT_STANDARD_LIBRARIES = YES;
				CODE_SIGN_STYLE = Automatic;
				INFOPLIST_FILE = DaoSampleUITests/Info.plist;
				LD_RUNPATH_SEARCH_PATHS = (
					"$(inherited)",
					"@executable_path/Frameworks",
					"@loader_path/Frameworks",
				);
				PRODUCT_BUNDLE_IDENTIFIER = com.yyddl.DaoSampleUITests;
				PRODUCT_NAME = "$(TARGET_NAME)";
				SWIFT_VERSION = 5.0;
				TARGETED_DEVICE_FAMILY = "1,2";
				TEST_TARGET_NAME = DaoSample;
			};
			name = Debug;
		};
		75427B6425382C640025EBD4 /* Release */ = {
			isa = XCBuildConfiguration;
			baseConfigurationReference = 4A269B535EADAE6637379EFF /* Pods-DaoSample-DaoSampleUITests.release.xcconfig */;
			buildSettings = {
				ALWAYS_EMBED_SWIFT_STANDARD_LIBRARIES = YES;
				CODE_SIGN_STYLE = Automatic;
				INFOPLIST_FILE = DaoSampleUITests/Info.plist;
				LD_RUNPATH_SEARCH_PATHS = (
					"$(inherited)",
					"@executable_path/Frameworks",
					"@loader_path/Frameworks",
				);
				PRODUCT_BUNDLE_IDENTIFIER = com.yyddl.DaoSampleUITests;
				PRODUCT_NAME = "$(TARGET_NAME)";
				SWIFT_VERSION = 5.0;
				TARGETED_DEVICE_FAMILY = "1,2";
				TEST_TARGET_NAME = DaoSample;
			};
			name = Release;
		};
/* End XCBuildConfiguration section */

/* Begin XCConfigurationList section */
		75427B2D25382C5D0025EBD4 /* Build configuration list for PBXProject "DaoSample" */ = {
			isa = XCConfigurationList;
			buildConfigurations = (
				75427B5A25382C640025EBD4 /* Debug */,
				75427B5B25382C640025EBD4 /* Release */,
			);
			defaultConfigurationIsVisible = 0;
			defaultConfigurationName = Release;
		};
		75427B5C25382C640025EBD4 /* Build configuration list for PBXNativeTarget "DaoSample" */ = {
			isa = XCConfigurationList;
			buildConfigurations = (
				75427B5D25382C640025EBD4 /* Debug */,
				75427B5E25382C640025EBD4 /* Release */,
			);
			defaultConfigurationIsVisible = 0;
			defaultConfigurationName = Release;
		};
		75427B5F25382C640025EBD4 /* Build configuration list for PBXNativeTarget "DaoSampleTests" */ = {
			isa = XCConfigurationList;
			buildConfigurations = (
				75427B6025382C640025EBD4 /* Debug */,
				75427B6125382C640025EBD4 /* Release */,
			);
			defaultConfigurationIsVisible = 0;
			defaultConfigurationName = Release;
		};
		75427B6225382C640025EBD4 /* Build configuration list for PBXNativeTarget "DaoSampleUITests" */ = {
			isa = XCConfigurationList;
			buildConfigurations = (
				75427B6325382C640025EBD4 /* Debug */,
				75427B6425382C640025EBD4 /* Release */,
			);
			defaultConfigurationIsVisible = 0;
			defaultConfigurationName = Release;
		};
/* End XCConfigurationList section */

/* Begin XCVersionGroup section */
		28B8DA5B25C8FC120085A4A4 /* BiologyModel.xcdatamodeld */ = {
			isa = XCVersionGroup;
			children = (
				28B8DA5C25C8FC120085A4A4 /* BiologyModel.xcdatamodel */,
			);
			currentVersion = 28B8DA5C25C8FC120085A4A4 /* BiologyModel.xcdatamodel */;
			path = BiologyModel.xcdatamodeld;
			sourceTree = "<group>";
			versionGroupType = wrapper.xcdatamodel;
		};
/* End XCVersionGroup section */
	};
	rootObject = 75427B2A25382C5D0025EBD4 /* Project object */;
}
